
Microsoft Visual Studio Solution File, Format Version 12.00
# Visual Studio 2012
Project("{FAE04EC0-301F-11D3-BF4B-00C04F79EFBC}") = "MapManager", "MapManager\MapManager.csproj", "{72C13AC1-B72C-4B7C-B58D-99F7FAD05188}"
EndProject
Global
	GlobalSection(SolutionConfigurationPlatforms) = preSolution
		Debug|Any CPU = Debug|Any CPU
		Release|Any CPU = Release|Any CPU
	EndGlobalSection
	GlobalSection(ProjectConfigurationPlatforms) = postSolution
		{72C13AC1-B72C-4B7C-B58D-99F7FAD05188}.Debug|Any CPU.ActiveCfg = Debug|Any CPU
		{72C13AC1-B72C-4B7C-B58D-99F7FAD05188}.Debug|Any CPU.Build.0 = Debug|Any CPU
		{72C13AC1-B72C-4B7C-B58D-99F7FAD05188}.Release|Any CPU.ActiveCfg = Release|Any CPU
		{72C13AC1-B72C-4B7C-B58D-99F7FAD05188}.Release|Any CPU.Build.0 = Release|Any CPU
	EndGlobalSection
EndGlobal
